
Microsoft Visual Studio Solution File, Format Version 12.00
# Visual Studio Version 17
VisualStudioVersion = 17.12.35707.178
MinimumVisualStudioVersion = 10.0.40219.1
Project("{2150E333-8FDC-42A3-9474-1A3956D46DE8}") = "Airbnb.ProductManagement", "Airbnb.ProductManagement", "{EB71FC4D-1A0C-492A-AF3F-3FDA1771480D}"
EndProject
Project("{FAE04EC0-301F-11D3-BF4B-00C04F79EFBC}") = "Airbnb.ProductManagement.API", "Airbnb.ProductManagement\Airbnb.ProductManagement.API\Airbnb.ProductManagement.API.csproj", "{2F33D8D6-A8F0-4487-A3DC-EC0EEA4EC6E8}"
EndProject
Project("{FAE04EC0-301F-11D3-BF4B-00C04F79EFBC}") = "Airbnb.ProductManagement.Domain", "Airbnb.ProductManagement\Airbnb.ProductManagement.Domain\Airbnb.ProductManagement.Domain.csproj", "{ACB2CE3F-2BDB-4BCF-82A0-659A53D3C910}"
EndProject
Project("{FAE04EC0-301F-11D3-BF4B-00C04F79EFBC}") = "Airbnb.ProductManagement.Infrastructure", "Airbnb.ProductManagement\Airbnb.ProductManagement.Infrastructure\Airbnb.ProductManagement.Infrastructure.csproj", "{0E7A2B10-6C32-4E37-A93C-08EBCB842FA3}"
EndProject
Project("{FAE04EC0-301F-11D3-BF4B-00C04F79EFBC}") = "Airbnb.ProductManagement.UnitTesting", "Airbnb.ProductManagement\Airbnb.ProductManagement.UnitTesting\Airbnb.ProductManagement.UnitTesting.csproj", "{0C8D91D4-E4D4-419D-90E0-1372B0EB5C05}"
EndProject
Project("{2150E333-8FDC-42A3-9474-1A3956D46DE8}") = "Airbnb.SharedKernel", "Airbnb.SharedKernel", "{29D652EB-2C79-4F5F-9256-A0EE564ACC76}"
EndProject
Project("{2150E333-8FDC-42A3-9474-1A3956D46DE8}") = "Airbnb.OrderManagement", "Airbnb.OrderManagement", "{BC8AF310-8D68-4B1A-AEF4-8AC70FAE3AB2}"
EndProject
Project("{2150E333-8FDC-42A3-9474-1A3956D46DE8}") = "Airbnb.PictureManagement", "Airbnb.PictureManagement", "{2250C7E5-DB45-4C74-B771-EBC75B5C7D9A}"
EndProject
Project("{2150E333-8FDC-42A3-9474-1A3956D46DE8}") = "Airbnb.TagsManagement", "Airbnb.TagsManagement", "{BF33A70A-36D6-4AFC-A7B3-7E46A6877EAF}"
EndProject
Project("{2150E333-8FDC-42A3-9474-1A3956D46DE8}") = "Airbnb.ReviewManagement", "Airbnb.ReviewManagement", "{7BC82583-EE44-4DBD-A6E7-FC7F65C759CA}"
EndProject
Project("{FAE04EC0-301F-11D3-BF4B-00C04F79EFBC}") = "Airbnb.OrderManagement.API", "Airbnb.OrderManagement\Airbnb.OrderManagement.API\Airbnb.OrderManagement.API.csproj", "{AA4CEE2E-B0A1-43DE-ABED-159A93C21DF5}"
EndProject
Project("{FAE04EC0-301F-11D3-BF4B-00C04F79EFBC}") = "Airbnb.OrderManagement.Infrastructure", "Airbnb.OrderManagement\Airbnb.OrderManagement.Infrastructure\Airbnb.OrderManagement.Infrastructure.csproj", "{D0B3E02B-793E-4AC6-B1ED-FCBE0F3B7B81}"
EndProject
Project("{FAE04EC0-301F-11D3-BF4B-00C04F79EFBC}") = "Airbnb.OrderManagement.Domain", "Airbnb.OrderManagement\Airbnb.OrderManagement.Domain\Airbnb.OrderManagement.Domain.csproj", "{2C827058-0A18-4535-9556-E5621C2A1C3B}"
EndProject
Project("{FAE04EC0-301F-11D3-BF4B-00C04F79EFBC}") = "Airbnb.ProductManagement.Application", "Airbnb.ProductManagement\Airbnb.ProductManagement.Application\Airbnb.ProductManagement.Application.csproj", "{FFCC6AD9-1D66-4ED3-A265-EFCDD01186F8}"
EndProject
Project("{FAE04EC0-301F-11D3-BF4B-00C04F79EFBC}") = "Airbnb.OrderManagement.Application", "Airbnb.OrderManagement\Airbnb.OrderManagement.Application\Airbnb.OrderManagement.Application.csproj", "{3BA65A02-A999-48A6-B2FD-BDDE0BDD7785}"
EndProject
Project("{2150E333-8FDC-42A3-9474-1A3956D46DE8}") = "Airbnb.EmailService", "Airbnb.EmailService", "{00BEB31D-53BD-468D-8A7F-4AF539259AF6}"
EndProject
Project("{2150E333-8FDC-42A3-9474-1A3956D46DE8}") = "Airbnb.UserManagement", "Airbnb.UserManagement", "{6DE54475-F661-4065-BF9D-15C7D6CBDE43}"
EndProject
Project("{FAE04EC0-301F-11D3-BF4B-00C04F79EFBC}") = "Airbnb.UserManagement.API", "Airbnb.UserManagement\Airbnb.UserManagement.API\Airbnb.UserManagement.API.csproj", "{CE61E86D-0264-4C79-AA0D-89BDF7630BFE}"
EndProject
Project("{2150E333-8FDC-42A3-9474-1A3956D46DE8}") = "Airbnb.QueryRepository", "Airbnb.QueryRepository", "{B0AAAD9B-5F9F-48E4-9731-A6305A847C4D}"
EndProject
Project("{FAE04EC0-301F-11D3-BF4B-00C04F79EFBC}") = "Airbnb.MongoRepository", "Airbnb.QueryRepository\Airbnb.MongoRepository\Airbnb.MongoRepository.csproj", "{837209B4-D963-49BB-805D-B3398C98F840}"
EndProject
Project("{FAE04EC0-301F-11D3-BF4B-00C04F79EFBC}") = "Airbnb.CassandraRepository", "Airbnb.QueryRepository\Airbnb.CassandraRepository\Airbnb.CassandraRepository.csproj", "{2154345B-5F2C-4755-A953-9F2636E649BD}"
EndProject
Project("{FAE04EC0-301F-11D3-BF4B-00C04F79EFBC}") = "Airbnb.Application", "Airbnb.SharedKernel\Airbnb.Application\Airbnb.Application.csproj", "{0544D68D-178E-493C-8242-A11F32F3F8BF}"
EndProject
Project("{FAE04EC0-301F-11D3-BF4B-00C04F79EFBC}") = "Airbnb.Connection", "Airbnb.SharedKernel\Airbnb.Connection\Airbnb.Connection.csproj", "{B9B1126A-6EB0-4403-939E-D1A8BB9CB9C1}"
EndProject
Project("{FAE04EC0-301F-11D3-BF4B-00C04F79EFBC}") = "Airbnb.Domain", "Airbnb.SharedKernel\Airbnb.Domain\Airbnb.Domain.csproj", "{C99ADC22-DBE8-4EE5-B990-9CD62EB2732F}"
EndProject
Project("{FAE04EC0-301F-11D3-BF4B-00C04F79EFBC}") = "Airbnb.Infrastructure", "Airbnb.SharedKernel\Airbnb.Infrastructure\Airbnb.Infrastructure.csproj", "{7DD6EA81-2AB4-41AA-B5FD-E081AEB50F57}"
EndProject
Project("{FAE04EC0-301F-11D3-BF4B-00C04F79EFBC}") = "Airbnb.Cache", "Airbnb.SharedKernel\Airbnb.Cache\Airbnb.Cache.csproj", "{C970F62B-AE07-4C31-ACD5-6C8E22B24B26}"
EndProject
Project("{FAE04EC0-301F-11D3-BF4B-00C04F79EFBC}") = "Airbnb.Gateway", "Airbnb.Gateway\Airbnb.Gateway.csproj", "{2CC28E00-43D5-4E0F-9F10-2399A777FFDD}"
EndProject
Global
	GlobalSection(SolutionConfigurationPlatforms) = preSolution
		Debug|Any CPU = Debug|Any CPU
		Release|Any CPU = Release|Any CPU
	EndGlobalSection
	GlobalSection(ProjectConfigurationPlatforms) = postSolution
		{2F33D8D6-A8F0-4487-A3DC-EC0EEA4EC6E8}.Debug|Any CPU.ActiveCfg = Debug|Any CPU
		{2F33D8D6-A8F0-4487-A3DC-EC0EEA4EC6E8}.Debug|Any CPU.Build.0 = Debug|Any CPU
		{2F33D8D6-A8F0-4487-A3DC-EC0EEA4EC6E8}.Release|Any CPU.ActiveCfg = Release|Any CPU
		{2F33D8D6-A8F0-4487-A3DC-EC0EEA4EC6E8}.Release|Any CPU.Build.0 = Release|Any CPU
		{ACB2CE3F-2BDB-4BCF-82A0-659A53D3C910}.Debug|Any CPU.ActiveCfg = Debug|Any CPU
		{ACB2CE3F-2BDB-4BCF-82A0-659A53D3C910}.Debug|Any CPU.Build.0 = Debug|Any CPU
		{ACB2CE3F-2BDB-4BCF-82A0-659A53D3C910}.Release|Any CPU.ActiveCfg = Release|Any CPU
		{ACB2CE3F-2BDB-4BCF-82A0-659A53D3C910}.Release|Any CPU.Build.0 = Release|Any CPU
		{0E7A2B10-6C32-4E37-A93C-08EBCB842FA3}.Debug|Any CPU.ActiveCfg = Debug|Any CPU
		{0E7A2B10-6C32-4E37-A93C-08EBCB842FA3}.Debug|Any CPU.Build.0 = Debug|Any CPU
		{0E7A2B10-6C32-4E37-A93C-08EBCB842FA3}.Release|Any CPU.ActiveCfg = Release|Any CPU
		{0E7A2B10-6C32-4E37-A93C-08EBCB842FA3}.Release|Any CPU.Build.0 = Release|Any CPU
		{0C8D91D4-E4D4-419D-90E0-1372B0EB5C05}.Debug|Any CPU.ActiveCfg = Debug|Any CPU
		{0C8D91D4-E4D4-419D-90E0-1372B0EB5C05}.Debug|Any CPU.Build.0 = Debug|Any CPU
		{0C8D91D4-E4D4-419D-90E0-1372B0EB5C05}.Release|Any CPU.ActiveCfg = Release|Any CPU
		{0C8D91D4-E4D4-419D-90E0-1372B0EB5C05}.Release|Any CPU.Build.0 = Release|Any CPU
		{AA4CEE2E-B0A1-43DE-ABED-159A93C21DF5}.Debug|Any CPU.ActiveCfg = Debug|Any CPU
		{AA4CEE2E-B0A1-43DE-ABED-159A93C21DF5}.Debug|Any CPU.Build.0 = Debug|Any CPU
		{AA4CEE2E-B0A1-43DE-ABED-159A93C21DF5}.Release|Any CPU.ActiveCfg = Release|Any CPU
		{AA4CEE2E-B0A1-43DE-ABED-159A93C21DF5}.Release|Any CPU.Build.0 = Release|Any CPU
		{D0B3E02B-793E-4AC6-B1ED-FCBE0F3B7B81}.Debug|Any CPU.ActiveCfg = Debug|Any CPU
		{D0B3E02B-793E-4AC6-B1ED-FCBE0F3B7B81}.Debug|Any CPU.Build.0 = Debug|Any CPU
		{D0B3E02B-793E-4AC6-B1ED-FCBE0F3B7B81}.Release|Any CPU.ActiveCfg = Release|Any CPU
		{D0B3E02B-793E-4AC6-B1ED-FCBE0F3B7B81}.Release|Any CPU.Build.0 = Release|Any CPU
		{2C827058-0A18-4535-9556-E5621C2A1C3B}.Debug|Any CPU.ActiveCfg = Debug|Any CPU
		{2C827058-0A18-4535-9556-E5621C2A1C3B}.Debug|Any CPU.Build.0 = Debug|Any CPU
		{2C827058-0A18-4535-9556-E5621C2A1C3B}.Release|Any CPU.ActiveCfg = Release|Any CPU
		{2C827058-0A18-4535-9556-E5621C2A1C3B}.Release|Any CPU.Build.0 = Release|Any CPU
		{FFCC6AD9-1D66-4ED3-A265-EFCDD01186F8}.Debug|Any CPU.ActiveCfg = Debug|Any CPU
		{FFCC6AD9-1D66-4ED3-A265-EFCDD01186F8}.Debug|Any CPU.Build.0 = Debug|Any CPU
		{FFCC6AD9-1D66-4ED3-A265-EFCDD01186F8}.Release|Any CPU.ActiveCfg = Release|Any CPU
		{FFCC6AD9-1D66-4ED3-A265-EFCDD01186F8}.Release|Any CPU.Build.0 = Release|Any CPU
		{3BA65A02-A999-48A6-B2FD-BDDE0BDD7785}.Debug|Any CPU.ActiveCfg = Debug|Any CPU
		{3BA65A02-A999-48A6-B2FD-BDDE0BDD7785}.Debug|Any CPU.Build.0 = Debug|Any CPU
		{3BA65A02-A999-48A6-B2FD-BDDE0BDD7785}.Release|Any CPU.ActiveCfg = Release|Any CPU
		{3BA65A02-A999-48A6-B2FD-BDDE0BDD7785}.Release|Any CPU.Build.0 = Release|Any CPU
		{CE61E86D-0264-4C79-AA0D-89BDF7630BFE}.Debug|Any CPU.ActiveCfg = Debug|Any CPU
		{CE61E86D-0264-4C79-AA0D-89BDF7630BFE}.Debug|Any CPU.Build.0 = Debug|Any CPU
		{CE61E86D-0264-4C79-AA0D-89BDF7630BFE}.Release|Any CPU.ActiveCfg = Release|Any CPU
		{CE61E86D-0264-4C79-AA0D-89BDF7630BFE}.Release|Any CPU.Build.0 = Release|Any CPU
		{837209B4-D963-49BB-805D-B3398C98F840}.Debug|Any CPU.ActiveCfg = Debug|Any CPU
		{837209B4-D963-49BB-805D-B3398C98F840}.Debug|Any CPU.Build.0 = Debug|Any CPU
		{837209B4-D963-49BB-805D-B3398C98F840}.Release|Any CPU.ActiveCfg = Release|Any CPU
		{837209B4-D963-49BB-805D-B3398C98F840}.Release|Any CPU.Build.0 = Release|Any CPU
		{2154345B-5F2C-4755-A953-9F2636E649BD}.Debug|Any CPU.ActiveCfg = Debug|Any CPU
		{2154345B-5F2C-4755-A953-9F2636E649BD}.Debug|Any CPU.Build.0 = Debug|Any CPU
		{2154345B-5F2C-4755-A953-9F2636E649BD}.Release|Any CPU.ActiveCfg = Release|Any CPU
		{2154345B-5F2C-4755-A953-9F2636E649BD}.Release|Any CPU.Build.0 = Release|Any CPU
		{0544D68D-178E-493C-8242-A11F32F3F8BF}.Debug|Any CPU.ActiveCfg = Debug|Any CPU
		{0544D68D-178E-493C-8242-A11F32F3F8BF}.Debug|Any CPU.Build.0 = Debug|Any CPU
		{0544D68D-178E-493C-8242-A11F32F3F8BF}.Release|Any CPU.ActiveCfg = Release|Any CPU
		{0544D68D-178E-493C-8242-A11F32F3F8BF}.Release|Any CPU.Build.0 = Release|Any CPU
		{B9B1126A-6EB0-4403-939E-D1A8BB9CB9C1}.Debug|Any CPU.ActiveCfg = Debug|Any CPU
		{B9B1126A-6EB0-4403-939E-D1A8BB9CB9C1}.Debug|Any CPU.Build.0 = Debug|Any CPU
		{B9B1126A-6EB0-4403-939E-D1A8BB9CB9C1}.Release|Any CPU.ActiveCfg = Release|Any CPU
		{B9B1126A-6EB0-4403-939E-D1A8BB9CB9C1}.Release|Any CPU.Build.0 = Release|Any CPU
		{C99ADC22-DBE8-4EE5-B990-9CD62EB2732F}.Debug|Any CPU.ActiveCfg = Debug|Any CPU
		{C99ADC22-DBE8-4EE5-B990-9CD62EB2732F}.Debug|Any CPU.Build.0 = Debug|Any CPU
		{C99ADC22-DBE8-4EE5-B990-9CD62EB2732F}.Release|Any CPU.ActiveCfg = Release|Any CPU
		{C99ADC22-DBE8-4EE5-B990-9CD62EB2732F}.Release|Any CPU.Build.0 = Release|Any CPU
		{7DD6EA81-2AB4-41AA-B5FD-E081AEB50F57}.Debug|Any CPU.ActiveCfg = Debug|Any CPU
		{7DD6EA81-2AB4-41AA-B5FD-E081AEB50F57}.Debug|Any CPU.Build.0 = Debug|Any CPU
		{7DD6EA81-2AB4-41AA-B5FD-E081AEB50F57}.Release|Any CPU.ActiveCfg = Release|Any CPU
		{7DD6EA81-2AB4-41AA-B5FD-E081AEB50F57}.Release|Any CPU.Build.0 = Release|Any CPU
		{C970F62B-AE07-4C31-ACD5-6C8E22B24B26}.Debug|Any CPU.ActiveCfg = Debug|Any CPU
		{C970F62B-AE07-4C31-ACD5-6C8E22B24B26}.Debug|Any CPU.Build.0 = Debug|Any CPU
		{C970F62B-AE07-4C31-ACD5-6C8E22B24B26}.Release|Any CPU.ActiveCfg = Release|Any CPU
		{C970F62B-AE07-4C31-ACD5-6C8E22B24B26}.Release|Any CPU.Build.0 = Release|Any CPU
		{2CC28E00-43D5-4E0F-9F10-2399A777FFDD}.Debug|Any CPU.ActiveCfg = Debug|Any CPU
		{2CC28E00-43D5-4E0F-9F10-2399A777FFDD}.Debug|Any CPU.Build.0 = Debug|Any CPU
		{2CC28E00-43D5-4E0F-9F10-2399A777FFDD}.Release|Any CPU.ActiveCfg = Release|Any CPU
		{2CC28E00-43D5-4E0F-9F10-2399A777FFDD}.Release|Any CPU.Build.0 = Release|Any CPU
	EndGlobalSection
	GlobalSection(SolutionProperties) = preSolution
		HideSolutionNode = FALSE
	EndGlobalSection
	GlobalSection(NestedProjects) = preSolution
		{2F33D8D6-A8F0-4487-A3DC-EC0EEA4EC6E8} = {EB71FC4D-1A0C-492A-AF3F-3FDA1771480D}
		{ACB2CE3F-2BDB-4BCF-82A0-659A53D3C910} = {EB71FC4D-1A0C-492A-AF3F-3FDA1771480D}
		{0E7A2B10-6C32-4E37-A93C-08EBCB842FA3} = {EB71FC4D-1A0C-492A-AF3F-3FDA1771480D}
		{0C8D91D4-E4D4-419D-90E0-1372B0EB5C05} = {EB71FC4D-1A0C-492A-AF3F-3FDA1771480D}
		{AA4CEE2E-B0A1-43DE-ABED-159A93C21DF5} = {BC8AF310-8D68-4B1A-AEF4-8AC70FAE3AB2}
		{D0B3E02B-793E-4AC6-B1ED-FCBE0F3B7B81} = {BC8AF310-8D68-4B1A-AEF4-8AC70FAE3AB2}
		{2C827058-0A18-4535-9556-E5621C2A1C3B} = {BC8AF310-8D68-4B1A-AEF4-8AC70FAE3AB2}
		{FFCC6AD9-1D66-4ED3-A265-EFCDD01186F8} = {EB71FC4D-1A0C-492A-AF3F-3FDA1771480D}
		{3BA65A02-A999-48A6-B2FD-BDDE0BDD7785} = {BC8AF310-8D68-4B1A-AEF4-8AC70FAE3AB2}
		{CE61E86D-0264-4C79-AA0D-89BDF7630BFE} = {6DE54475-F661-4065-BF9D-15C7D6CBDE43}
		{837209B4-D963-49BB-805D-B3398C98F840} = {B0AAAD9B-5F9F-48E4-9731-A6305A847C4D}
		{2154345B-5F2C-4755-A953-9F2636E649BD} = {B0AAAD9B-5F9F-48E4-9731-A6305A847C4D}
		{0544D68D-178E-493C-8242-A11F32F3F8BF} = {29D652EB-2C79-4F5F-9256-A0EE564ACC76}
		{B9B1126A-6EB0-4403-939E-D1A8BB9CB9C1} = {29D652EB-2C79-4F5F-9256-A0EE564ACC76}
		{C99ADC22-DBE8-4EE5-B990-9CD62EB2732F} = {29D652EB-2C79-4F5F-9256-A0EE564ACC76}
		{7DD6EA81-2AB4-41AA-B5FD-E081AEB50F57} = {29D652EB-2C79-4F5F-9256-A0EE564ACC76}
		{C970F62B-AE07-4C31-ACD5-6C8E22B24B26} = {29D652EB-2C79-4F5F-9256-A0EE564ACC76}
	EndGlobalSection
	GlobalSection(ExtensibilityGlobals) = postSolution
		SolutionGuid = {2BF43C0B-64E1-475E-A0DF-C8F7EF760ABB}
	EndGlobalSection
EndGlobal
